
Microsoft Visual Studio Solution File, Format Version 12.00
# Visual Studio Version 16
VisualStudioVersion = 16.0.31624.102
MinimumVisualStudioVersion = 10.0.40219.1
Project("{FAE04EC0-301F-11D3-BF4B-00C04F79EFBC}") = "FirstWPFApplacation", "FirstWPFApplacation\FirstWPFApplacation.csproj", "{36060454-D24D-476D-AA97-5A96E0510FF3}"
EndProject
Project("{FAE04EC0-301F-11D3-BF4B-00C04F79EFBC}") = "WpfApp1", "WpfApp1\WpfApp1.csproj", "{B83FAC60-9399-4F00-BB94-1D59905D4FC4}"
EndProject
Global
	GlobalSection(SolutionConfigurationPlatforms) = preSolution
		Debug|Any CPU = Debug|Any CPU
		Release|Any CPU = Release|Any CPU
	EndGlobalSection
	GlobalSection(ProjectConfigurationPlatforms) = postSolution
		{36060454-D24D-476D-AA97-5A96E0510FF3}.Debug|Any CPU.ActiveCfg = Debug|Any CPU
		{36060454-D24D-476D-AA97-5A96E0510FF3}.Debug|Any CPU.Build.0 = Debug|Any CPU
		{36060454-D24D-476D-AA97-5A96E0510FF3}.Release|Any CPU.ActiveCfg = Release|Any CPU
		{36060454-D24D-476D-AA97-5A96E0510FF3}.Release|Any CPU.Build.0 = Release|Any CPU
		{B83FAC60-9399-4F00-BB94-1D59905D4FC4}.Debug|Any CPU.ActiveCfg = Debug|Any CPU
		{B83FAC60-9399-4F00-BB94-1D59905D4FC4}.Debug|Any CPU.Build.0 = Debug|Any CPU
		{B83FAC60-9399-4F00-BB94-1D59905D4FC4}.Release|Any CPU.ActiveCfg = Release|Any CPU
		{B83FAC60-9399-4F00-BB94-1D59905D4FC4}.Release|Any CPU.Build.0 = Release|Any CPU
	EndGlobalSection
	GlobalSection(SolutionProperties) = preSolution
		HideSolutionNode = FALSE
	EndGlobalSection
	GlobalSection(ExtensibilityGlobals) = postSolution
		SolutionGuid = {8BA66006-D229-4A76-868C-5E7697DA0890}
	EndGlobalSection
EndGlobal
